// !$*UTF8*$!
{
	archiveVersion = 1;
	classes = {
	};
	objectVersion = 55;
	objects = {

/* Begin PBXBuildFile section */
		607FACD61AFB9204008FA782 /* AppDelegate.swift in Sources */ = {isa = PBXBuildFile; fileRef = 607FACD51AFB9204008FA782 /* AppDelegate.swift */; };
		607FACD81AFB9204008FA782 /* ViewController.swift in Sources */ = {isa = PBXBuildFile; fileRef = 607FACD71AFB9204008FA782 /* ViewController.swift */; };
		607FACDB1AFB9204008FA782 /* Main.storyboard in Resources */ = {isa = PBXBuildFile; fileRef = 607FACD91AFB9204008FA782 /* Main.storyboard */; };
		607FACDD1AFB9204008FA782 /* Images.xcassets in Resources */ = {isa = PBXBuildFile; fileRef = 607FACDC1AFB9204008FA782 /* Images.xcassets */; };
		607FACEC1AFB9204008FA782 /* Tests.swift in Sources */ = {isa = PBXBuildFile; fileRef = 607FACEB1AFB9204008FA782 /* Tests.swift */; };
		DD4311DD69560D78D1D5F0C5 /* Pods_MSWatchSession_Example.framework in Frameworks */ = {isa = PBXBuildFile; fileRef = B5368A415B50B9F23FCFC442 /* Pods_MSWatchSession_Example.framework */; };
		EEE7D47E2C661D9400157CA4 /* MSWatchSession+Command.swift in Sources */ = {isa = PBXBuildFile; fileRef = EEE7D47A2C661D9400157CA4 /* MSWatchSession+Command.swift */; };
		EEE7D47F2C661D9400157CA4 /* NotificationExtension.swift in Sources */ = {isa = PBXBuildFile; fileRef = EEE7D47C2C661D9400157CA4 /* NotificationExtension.swift */; };
		EEE7D4812C661F0C00157CA4 /* LaunchScreen.storyboard in Resources */ = {isa = PBXBuildFile; fileRef = EEE7D4802C661F0B00157CA4 /* LaunchScreen.storyboard */; };
		EEE7D4842C6620FD00157CA4 /* ViewController+Extension.swift in Sources */ = {isa = PBXBuildFile; fileRef = EEE7D4822C6620FD00157CA4 /* ViewController+Extension.swift */; };
		EEE7D48C2C66226600157CA4 /* MSWatchSessionWatchApp_ExampleApp.swift in Sources */ = {isa = PBXBuildFile; fileRef = EEE7D48B2C66226600157CA4 /* MSWatchSessionWatchApp_ExampleApp.swift */; };
		EEE7D48E2C66226600157CA4 /* ContentView.swift in Sources */ = {isa = PBXBuildFile; fileRef = EEE7D48D2C66226600157CA4 /* ContentView.swift */; };
		EEE7D4902C66226700157CA4 /* Assets.xcassets in Resources */ = {isa = PBXBuildFile; fileRef = EEE7D48F2C66226700157CA4 /* Assets.xcassets */; };
		EEE7D4932C66226700157CA4 /* Preview Assets.xcassets in Resources */ = {isa = PBXBuildFile; fileRef = EEE7D4922C66226700157CA4 /* Preview Assets.xcassets */; };
		EEE7D4962C66226700157CA4 /* MSWatchSessionWatchApp_Example Watch App.app in Embed Watch Content */ = {isa = PBXBuildFile; fileRef = EEE7D4892C66226600157CA4 /* MSWatchSessionWatchApp_Example Watch App.app */; settings = {ATTRIBUTES = (RemoveHeadersOnCopy, ); }; };
		EEE7D49B2C66228A00157CA4 /* NotificationExtension.swift in Sources */ = {isa = PBXBuildFile; fileRef = EEE7D47C2C661D9400157CA4 /* NotificationExtension.swift */; };
		EEE7D49C2C66228E00157CA4 /* MSWatchSession+Command.swift in Sources */ = {isa = PBXBuildFile; fileRef = EEE7D47A2C661D9400157CA4 /* MSWatchSession+Command.swift */; };
		EEE7D4A02C6622A000157CA4 /* ToastModifier.swift in Sources */ = {isa = PBXBuildFile; fileRef = EEE7D49D2C6622A000157CA4 /* ToastModifier.swift */; };
		EEE7D4A12C6622A000157CA4 /* ToastView.swift in Sources */ = {isa = PBXBuildFile; fileRef = EEE7D49E2C6622A000157CA4 /* ToastView.swift */; };
		F8A9D5913FC9A754BDB095FE /* Pods_MSWatchSessionWatchApp_Example_Watch_App.framework in Frameworks */ = {isa = PBXBuildFile; fileRef = A88484BF62FDB0A16B19A455 /* Pods_MSWatchSessionWatchApp_Example_Watch_App.framework */; };
/* End PBXBuildFile section */

/* Begin PBXContainerItemProxy section */
		607FACE61AFB9204008FA782 /* PBXContainerItemProxy */ = {
			isa = PBXContainerItemProxy;
			containerPortal = 607FACC81AFB9204008FA782 /* Project object */;
			proxyType = 1;
			remoteGlobalIDString = 607FACCF1AFB9204008FA782;
			remoteInfo = MSWatchSession;
		};
		EEE7D4942C66226700157CA4 /* PBXContainerItemProxy */ = {
			isa = PBXContainerItemProxy;
			containerPortal = 607FACC81AFB9204008FA782 /* Project object */;
			proxyType = 1;
			remoteGlobalIDString = EEE7D4882C66226600157CA4;
			remoteInfo = "MSWatchSessionWatchApp_Example Watch App";
		};
/* End PBXContainerItemProxy section */

/* Begin PBXCopyFilesBuildPhase section */
		EEE7D4972C66226700157CA4 /* Embed Watch Content */ = {
			isa = PBXCopyFilesBuildPhase;
			buildActionMask = 12;
			dstPath = "$(CONTENTS_FOLDER_PATH)/Watch";
			dstSubfolderSpec = 16;
			files = (
				EEE7D4962C66226700157CA4 /* MSWatchSessionWatchApp_Example Watch App.app in Embed Watch Content */,
			);
			name = "Embed Watch Content";
			runOnlyForDeploymentPostprocessing = 0;
		};
/* End PBXCopyFilesBuildPhase section */

/* Begin PBXFileReference section */
		1CCFA937C10952C5E351F78D /* LICENSE */ = {isa = PBXFileReference; includeInIndex = 1; lastKnownFileType = text; name = LICENSE; path = ../LICENSE; sourceTree = "<group>"; };
		381636E79DFCC40E078AA26B /* Pods-MSWatchSessionWatchApp_Example Watch App.debug.xcconfig */ = {isa = PBXFileReference; includeInIndex = 1; lastKnownFileType = text.xcconfig; name = "Pods-MSWatchSessionWatchApp_Example Watch App.debug.xcconfig"; path = "Target Support Files/Pods-MSWatchSessionWatchApp_Example Watch App/Pods-MSWatchSessionWatchApp_Example Watch App.debug.xcconfig"; sourceTree = "<group>"; };
		607FACD01AFB9204008FA782 /* MSWatchSession_Example.app */ = {isa = PBXFileReference; explicitFileType = wrapper.application; includeInIndex = 0; path = MSWatchSession_Example.app; sourceTree = BUILT_PRODUCTS_DIR; };
		607FACD41AFB9204008FA782 /* Info.plist */ = {isa = PBXFileReference; lastKnownFileType = text.plist.xml; path = Info.plist; sourceTree = "<group>"; };
		607FACD51AFB9204008FA782 /* AppDelegate.swift */ = {isa = PBXFileReference; lastKnownFileType = sourcecode.swift; path = AppDelegate.swift; sourceTree = "<group>"; };
		607FACD71AFB9204008FA782 /* ViewController.swift */ = {isa = PBXFileReference; lastKnownFileType = sourcecode.swift; path = ViewController.swift; sourceTree = "<group>"; };
		607FACDA1AFB9204008FA782 /* Base */ = {isa = PBXFileReference; lastKnownFileType = file.storyboard; name = Base; path = Base.lproj/Main.storyboard; sourceTree = "<group>"; };
		607FACDC1AFB9204008FA782 /* Images.xcassets */ = {isa = PBXFileReference; lastKnownFileType = folder.assetcatalog; path = Images.xcassets; sourceTree = "<group>"; };
		607FACE51AFB9204008FA782 /* MSWatchSession_Tests.xctest */ = {isa = PBXFileReference; explicitFileType = wrapper.cfbundle; includeInIndex = 0; path = MSWatchSession_Tests.xctest; sourceTree = BUILT_PRODUCTS_DIR; };
		607FACEA1AFB9204008FA782 /* Info.plist */ = {isa = PBXFileReference; lastKnownFileType = text.plist.xml; path = Info.plist; sourceTree = "<group>"; };
		607FACEB1AFB9204008FA782 /* Tests.swift */ = {isa = PBXFileReference; lastKnownFileType = sourcecode.swift; path = Tests.swift; sourceTree = "<group>"; };
		7B99F0906245931C93571BF0 /* README.md */ = {isa = PBXFileReference; includeInIndex = 1; lastKnownFileType = net.daringfireball.markdown; name = README.md; path = ../README.md; sourceTree = "<group>"; };
		942783BA2E31FF53738A8B19 /* Pods-MSWatchSession_Example.release.xcconfig */ = {isa = PBXFileReference; includeInIndex = 1; lastKnownFileType = text.xcconfig; name = "Pods-MSWatchSession_Example.release.xcconfig"; path = "Target Support Files/Pods-MSWatchSession_Example/Pods-MSWatchSession_Example.release.xcconfig"; sourceTree = "<group>"; };
		A09662F3D32A934FECA1EDAF /* Pods-MSWatchSession_Example.debug.xcconfig */ = {isa = PBXFileReference; includeInIndex = 1; lastKnownFileType = text.xcconfig; name = "Pods-MSWatchSession_Example.debug.xcconfig"; path = "Target Support Files/Pods-MSWatchSession_Example/Pods-MSWatchSession_Example.debug.xcconfig"; sourceTree = "<group>"; };
		A88484BF62FDB0A16B19A455 /* Pods_MSWatchSessionWatchApp_Example_Watch_App.framework */ = {isa = PBXFileReference; explicitFileType = wrapper.framework; includeInIndex = 0; path = Pods_MSWatchSessionWatchApp_Example_Watch_App.framework; sourceTree = BUILT_PRODUCTS_DIR; };
		B3A7DDE32F6161055480DC7A /* Pods-MSWatchSessionWatchApp_Example Watch App.release.xcconfig */ = {isa = PBXFileReference; includeInIndex = 1; lastKnownFileType = text.xcconfig; name = "Pods-MSWatchSessionWatchApp_Example Watch App.release.xcconfig"; path = "Target Support Files/Pods-MSWatchSessionWatchApp_Example Watch App/Pods-MSWatchSessionWatchApp_Example Watch App.release.xcconfig"; sourceTree = "<group>"; };
		B5368A415B50B9F23FCFC442 /* Pods_MSWatchSession_Example.framework */ = {isa = PBXFileReference; explicitFileType = wrapper.framework; includeInIndex = 0; path = Pods_MSWatchSession_Example.framework; sourceTree = BUILT_PRODUCTS_DIR; };
		EEE7D4792C661CA000157CA4 /* MSWatchSession.podspec.json */ = {isa = PBXFileReference; lastKnownFileType = text.json; name = MSWatchSession.podspec.json; path = ../MSWatchSession.podspec.json; sourceTree = "<group>"; };
		EEE7D47A2C661D9400157CA4 /* MSWatchSession+Command.swift */ = {isa = PBXFileReference; fileEncoding = 4; lastKnownFileType = sourcecode.swift; path = "MSWatchSession+Command.swift"; sourceTree = "<group>"; };
		EEE7D47C2C661D9400157CA4 /* NotificationExtension.swift */ = {isa = PBXFileReference; fileEncoding = 4; lastKnownFileType = sourcecode.swift; path = NotificationExtension.swift; sourceTree = "<group>"; };
		EEE7D4802C661F0B00157CA4 /* LaunchScreen.storyboard */ = {isa = PBXFileReference; fileEncoding = 4; lastKnownFileType = file.storyboard; path = LaunchScreen.storyboard; sourceTree = "<group>"; };
		EEE7D4822C6620FD00157CA4 /* ViewController+Extension.swift */ = {isa = PBXFileReference; fileEncoding = 4; lastKnownFileType = sourcecode.swift; path = "ViewController+Extension.swift"; sourceTree = "<group>"; };
		EEE7D4892C66226600157CA4 /* MSWatchSessionWatchApp_Example Watch App.app */ = {isa = PBXFileReference; explicitFileType = wrapper.application; includeInIndex = 0; path = "MSWatchSessionWatchApp_Example Watch App.app"; sourceTree = BUILT_PRODUCTS_DIR; };
		EEE7D48B2C66226600157CA4 /* MSWatchSessionWatchApp_ExampleApp.swift */ = {isa = PBXFileReference; lastKnownFileType = sourcecode.swift; path = MSWatchSessionWatchApp_ExampleApp.swift; sourceTree = "<group>"; };
		EEE7D48D2C66226600157CA4 /* ContentView.swift */ = {isa = PBXFileReference; lastKnownFileType = sourcecode.swift; path = ContentView.swift; sourceTree = "<group>"; };
		EEE7D48F2C66226700157CA4 /* Assets.xcassets */ = {isa = PBXFileReference; lastKnownFileType = folder.assetcatalog; path = Assets.xcassets; sourceTree = "<group>"; };
		EEE7D4922C66226700157CA4 /* Preview Assets.xcassets */ = {isa = PBXFileReference; lastKnownFileType = folder.assetcatalog; path = "Preview Assets.xcassets"; sourceTree = "<group>"; };
		EEE7D49D2C6622A000157CA4 /* ToastModifier.swift */ = {isa = PBXFileReference; fileEncoding = 4; lastKnownFileType = sourcecode.swift; path = ToastModifier.swift; sourceTree = "<group>"; };
		EEE7D49E2C6622A000157CA4 /* ToastView.swift */ = {isa = PBXFileReference; fileEncoding = 4; lastKnownFileType = sourcecode.swift; path = ToastView.swift; sourceTree = "<group>"; };
/* End PBXFileReference section */

/* Begin PBXFrameworksBuildPhase section */
		607FACCD1AFB9204008FA782 /* Frameworks */ = {
			isa = PBXFrameworksBuildPhase;
			buildActionMask = 2147483647;
			files = (
				DD4311DD69560D78D1D5F0C5 /* Pods_MSWatchSession_Example.framework in Frameworks */,
			);
			runOnlyForDeploymentPostprocessing = 0;
		};
		607FACE21AFB9204008FA782 /* Frameworks */ = {
			isa = PBXFrameworksBuildPhase;
			buildActionMask = 2147483647;
			files = (
			);
			runOnlyForDeploymentPostprocessing = 0;
		};
		EEE7D4862C66226600157CA4 /* Frameworks */ = {
			isa = PBXFrameworksBuildPhase;
			buildActionMask = 2147483647;
			files = (
				F8A9D5913FC9A754BDB095FE /* Pods_MSWatchSessionWatchApp_Example_Watch_App.framework in Frameworks */,
			);
			runOnlyForDeploymentPostprocessing = 0;
		};
/* End PBXFrameworksBuildPhase section */

/* Begin PBXGroup section */
		2ED4B96370BE4E76DDF32E04 /* Pods */ = {
			isa = PBXGroup;
			children = (
				381636E79DFCC40E078AA26B /* Pods-MSWatchSessionWatchApp_Example Watch App.debug.xcconfig */,
				B3A7DDE32F6161055480DC7A /* Pods-MSWatchSessionWatchApp_Example Watch App.release.xcconfig */,
				A09662F3D32A934FECA1EDAF /* Pods-MSWatchSession_Example.debug.xcconfig */,
				942783BA2E31FF53738A8B19 /* Pods-MSWatchSession_Example.release.xcconfig */,
			);
			path = Pods;
			sourceTree = "<group>";
		};
		607FACC71AFB9204008FA782 = {
			isa = PBXGroup;
			children = (
				EEE7D47D2C661D9400157CA4 /* Common */,
				607FACF51AFB993E008FA782 /* Podspec Metadata */,
				607FACD21AFB9204008FA782 /* Example for MSWatchSession */,
				607FACE81AFB9204008FA782 /* Tests */,
				EEE7D48A2C66226600157CA4 /* MSWatchSessionWatchApp_Example Watch App */,
				607FACD11AFB9204008FA782 /* Products */,
				2ED4B96370BE4E76DDF32E04 /* Pods */,
				80F004E842E7260C889C8409 /* Frameworks */,
			);
			sourceTree = "<group>";
		};
		607FACD11AFB9204008FA782 /* Products */ = {
			isa = PBXGroup;
			children = (
				607FACD01AFB9204008FA782 /* MSWatchSession_Example.app */,
				607FACE51AFB9204008FA782 /* MSWatchSession_Tests.xctest */,
				EEE7D4892C66226600157CA4 /* MSWatchSessionWatchApp_Example Watch App.app */,
			);
			name = Products;
			sourceTree = "<group>";
		};
		607FACD21AFB9204008FA782 /* Example for MSWatchSession */ = {
			isa = PBXGroup;
			children = (
				EEE7D4832C6620FD00157CA4 /* Extensions */,
				607FACD51AFB9204008FA782 /* AppDelegate.swift */,
				607FACD71AFB9204008FA782 /* ViewController.swift */,
				607FACD91AFB9204008FA782 /* Main.storyboard */,
				607FACDC1AFB9204008FA782 /* Images.xcassets */,
				EEE7D4802C661F0B00157CA4 /* LaunchScreen.storyboard */,
				607FACD31AFB9204008FA782 /* Supporting Files */,
			);
			name = "Example for MSWatchSession";
			path = MSWatchSession;
			sourceTree = "<group>";
		};
		607FACD31AFB9204008FA782 /* Supporting Files */ = {
			isa = PBXGroup;
			children = (
				607FACD41AFB9204008FA782 /* Info.plist */,
			);
			name = "Supporting Files";
			sourceTree = "<group>";
		};
		607FACE81AFB9204008FA782 /* Tests */ = {
			isa = PBXGroup;
			children = (
				607FACEB1AFB9204008FA782 /* Tests.swift */,
				607FACE91AFB9204008FA782 /* Supporting Files */,
			);
			path = Tests;
			sourceTree = "<group>";
		};
		607FACE91AFB9204008FA782 /* Supporting Files */ = {
			isa = PBXGroup;
			children = (
				607FACEA1AFB9204008FA782 /* Info.plist */,
			);
			name = "Supporting Files";
			sourceTree = "<group>";
		};
		607FACF51AFB993E008FA782 /* Podspec Metadata */ = {
			isa = PBXGroup;
			children = (
				EEE7D4792C661CA000157CA4 /* MSWatchSession.podspec.json */,
				7B99F0906245931C93571BF0 /* README.md */,
				1CCFA937C10952C5E351F78D /* LICENSE */,
			);
			name = "Podspec Metadata";
			sourceTree = "<group>";
		};
		80F004E842E7260C889C8409 /* Frameworks */ = {
			isa = PBXGroup;
			children = (
				A88484BF62FDB0A16B19A455 /* Pods_MSWatchSessionWatchApp_Example_Watch_App.framework */,
				B5368A415B50B9F23FCFC442 /* Pods_MSWatchSession_Example.framework */,
			);
			name = Frameworks;
			sourceTree = "<group>";
		};
		EEE7D47B2C661D9400157CA4 /* Session Handler */ = {
			isa = PBXGroup;
			children = (
				EEE7D47A2C661D9400157CA4 /* MSWatchSession+Command.swift */,
			);
			path = "Session Handler";
			sourceTree = "<group>";
		};
		EEE7D47D2C661D9400157CA4 /* Common */ = {
			isa = PBXGroup;
			children = (
				EEE7D47C2C661D9400157CA4 /* NotificationExtension.swift */,
				EEE7D47B2C661D9400157CA4 /* Session Handler */,
			);
			path = Common;
			sourceTree = "<group>";
		};
		EEE7D4832C6620FD00157CA4 /* Extensions */ = {
			isa = PBXGroup;
			children = (
				EEE7D4822C6620FD00157CA4 /* ViewController+Extension.swift */,
			);
			path = Extensions;
			sourceTree = "<group>";
		};
		EEE7D48A2C66226600157CA4 /* MSWatchSessionWatchApp_Example Watch App */ = {
			isa = PBXGroup;
			children = (
				EEE7D49F2C6622A000157CA4 /* Toast */,
				EEE7D48B2C66226600157CA4 /* MSWatchSessionWatchApp_ExampleApp.swift */,
				EEE7D48D2C66226600157CA4 /* ContentView.swift */,
				EEE7D48F2C66226700157CA4 /* Assets.xcassets */,
				EEE7D4912C66226700157CA4 /* Preview Content */,
			);
			path = "MSWatchSessionWatchApp_Example Watch App";
			sourceTree = "<group>";
		};
		EEE7D4912C66226700157CA4 /* Preview Content */ = {
			isa = PBXGroup;
			children = (
				EEE7D4922C66226700157CA4 /* Preview Assets.xcassets */,
			);
			path = "Preview Content";
			sourceTree = "<group>";
		};
		EEE7D49F2C6622A000157CA4 /* Toast */ = {
			isa = PBXGroup;
			children = (
				EEE7D49D2C6622A000157CA4 /* ToastModifier.swift */,
				EEE7D49E2C6622A000157CA4 /* ToastView.swift */,
			);
			path = Toast;
			sourceTree = "<group>";
		};
/* End PBXGroup section */

/* Begin PBXNativeTarget section */
		607FACCF1AFB9204008FA782 /* MSWatchSession_Example */ = {
			isa = PBXNativeTarget;
			buildConfigurationList = 607FACEF1AFB9204008FA782 /* Build configuration list for PBXNativeTarget "MSWatchSession_Example" */;
			buildPhases = (
				6CAC466CE74FF5FC54D027AF /* [CP] Check Pods Manifest.lock */,
				607FACCC1AFB9204008FA782 /* Sources */,
				607FACCD1AFB9204008FA782 /* Frameworks */,
				607FACCE1AFB9204008FA782 /* Resources */,
				EEE7D4972C66226700157CA4 /* Embed Watch Content */,
				9758BC887B74F2301F8D108E /* [CP] Embed Pods Frameworks */,
			);
			buildRules = (
			);
			dependencies = (
				EEE7D4952C66226700157CA4 /* PBXTargetDependency */,
			);
			name = MSWatchSession_Example;
			productName = MSWatchSession;
			productReference = 607FACD01AFB9204008FA782 /* MSWatchSession_Example.app */;
			productType = "com.apple.product-type.application";
		};
		607FACE41AFB9204008FA782 /* MSWatchSession_Tests */ = {
			isa = PBXNativeTarget;
			buildConfigurationList = 607FACF21AFB9204008FA782 /* Build configuration list for PBXNativeTarget "MSWatchSession_Tests" */;
			buildPhases = (
				607FACE11AFB9204008FA782 /* Sources */,
				607FACE21AFB9204008FA782 /* Frameworks */,
				607FACE31AFB9204008FA782 /* Resources */,
			);
			buildRules = (
			);
			dependencies = (
				607FACE71AFB9204008FA782 /* PBXTargetDependency */,
			);
			name = MSWatchSession_Tests;
			productName = Tests;
			productReference = 607FACE51AFB9204008FA782 /* MSWatchSession_Tests.xctest */;
			productType = "com.apple.product-type.bundle.unit-test";
		};
		EEE7D4882C66226600157CA4 /* MSWatchSessionWatchApp_Example Watch App */ = {
			isa = PBXNativeTarget;
			buildConfigurationList = EEE7D49A2C66226700157CA4 /* Build configuration list for PBXNativeTarget "MSWatchSessionWatchApp_Example Watch App" */;
			buildPhases = (
				E495F7985DA443912EFB6A2A /* [CP] Check Pods Manifest.lock */,
				EEE7D4852C66226600157CA4 /* Sources */,
				EEE7D4862C66226600157CA4 /* Frameworks */,
				EEE7D4872C66226600157CA4 /* Resources */,
				8555D21A66E8536B8DF3640B /* [CP] Embed Pods Frameworks */,
			);
			buildRules = (
			);
			dependencies = (
			);
			name = "MSWatchSessionWatchApp_Example Watch App";
			productName = "MSWatchSessionWatchApp_Example Watch App";
			productReference = EEE7D4892C66226600157CA4 /* MSWatchSessionWatchApp_Example Watch App.app */;
			productType = "com.apple.product-type.application";
		};
/* End PBXNativeTarget section */

/* Begin PBXProject section */
		607FACC81AFB9204008FA782 /* Project object */ = {
			isa = PBXProject;
			attributes = {
				BuildIndependentTargetsInParallel = YES;
				LastSwiftUpdateCheck = 1530;
				LastUpgradeCheck = 1530;
				ORGANIZATIONNAME = CocoaPods;
				TargetAttributes = {
					607FACCF1AFB9204008FA782 = {
						CreatedOnToolsVersion = 6.3.1;
						LastSwiftMigration = "";
					};
					607FACE41AFB9204008FA782 = {
						CreatedOnToolsVersion = 6.3.1;
						LastSwiftMigration = 0900;
						TestTargetID = 607FACCF1AFB9204008FA782;
					};
					EEE7D4882C66226600157CA4 = {
						CreatedOnToolsVersion = 15.3;
						ProvisioningStyle = Automatic;
					};
				};
			};
			buildConfigurationList = 607FACCB1AFB9204008FA782 /* Build configuration list for PBXProject "MSWatchSession" */;
			compatibilityVersion = "Xcode 13.0";
			developmentRegion = en;
			hasScannedForEncodings = 0;
			knownRegions = (
				en,
				Base,
			);
			mainGroup = 607FACC71AFB9204008FA782;
			productRefGroup = 607FACD11AFB9204008FA782 /* Products */;
			projectDirPath = "";
			projectRoot = "";
			targets = (
				607FACCF1AFB9204008FA782 /* MSWatchSession_Example */,
				EEE7D4882C66226600157CA4 /* MSWatchSessionWatchApp_Example Watch App */,
				607FACE41AFB9204008FA782 /* MSWatchSession_Tests */,
			);
		};
/* End PBXProject section */

/* Begin PBXResourcesBuildPhase section */
		607FACCE1AFB9204008FA782 /* Resources */ = {
			isa = PBXResourcesBuildPhase;
			buildActionMask = 2147483647;
			files = (
				EEE7D4812C661F0C00157CA4 /* LaunchScreen.storyboard in Resources */,
				607FACDB1AFB9204008FA782 /* Main.storyboard in Resources */,
				607FACDD1AFB9204008FA782 /* Images.xcassets in Resources */,
			);
			runOnlyForDeploymentPostprocessing = 0;
		};
		607FACE31AFB9204008FA782 /* Resources */ = {
			isa = PBXResourcesBuildPhase;
			buildActionMask = 2147483647;
			files = (
			);
			runOnlyForDeploymentPostprocessing = 0;
		};
		EEE7D4872C66226600157CA4 /* Resources */ = {
			isa = PBXResourcesBuildPhase;
			buildActionMask = 2147483647;
			files = (
				EEE7D4932C66226700157CA4 /* Preview Assets.xcassets in Resources */,
				EEE7D4902C66226700157CA4 /* Assets.xcassets in Resources */,
			);
			runOnlyForDeploymentPostprocessing = 0;
		};
/* End PBXResourcesBuildPhase section */

/* Begin PBXShellScriptBuildPhase section */
		6CAC466CE74FF5FC54D027AF /* [CP] Check Pods Manifest.lock */ = {
			isa = PBXShellScriptBuildPhase;
			buildActionMask = 2147483647;
			files = (
			);
			inputFileListPaths = (
			);
			inputPaths = (
				"${PODS_PODFILE_DIR_PATH}/Podfile.lock",
				"${PODS_ROOT}/Manifest.lock",
			);
			name = "[CP] Check Pods Manifest.lock";
			outputFileListPaths = (
			);
			outputPaths = (
				"$(DERIVED_FILE_DIR)/Pods-MSWatchSession_Example-checkManifestLockResult.txt",
			);
			runOnlyForDeploymentPostprocessing = 0;
			shellPath = /bin/sh;
			shellScript = "diff \"${PODS_PODFILE_DIR_PATH}/Podfile.lock\" \"${PODS_ROOT}/Manifest.lock\" > /dev/null\nif [ $? != 0 ] ; then\n    # print error to STDERR\n    echo \"error: The sandbox is not in sync with the Podfile.lock. Run 'pod install' or update your CocoaPods installation.\" >&2\n    exit 1\nfi\n# This output is used by Xcode 'outputs' to avoid re-running this script phase.\necho \"SUCCESS\" > \"${SCRIPT_OUTPUT_FILE_0}\"\n";
			showEnvVarsInLog = 0;
		};
		8555D21A66E8536B8DF3640B /* [CP] Embed Pods Frameworks */ = {
			isa = PBXShellScriptBuildPhase;
			buildActionMask = 2147483647;
			files = (
			);
			inputFileListPaths = (
				"${PODS_ROOT}/Target Support Files/Pods-MSWatchSessionWatchApp_Example Watch App/Pods-MSWatchSessionWatchApp_Example Watch App-frameworks-${CONFIGURATION}-input-files.xcfilelist",
			);
			name = "[CP] Embed Pods Frameworks";
			outputFileListPaths = (
				"${PODS_ROOT}/Target Support Files/Pods-MSWatchSessionWatchApp_Example Watch App/Pods-MSWatchSessionWatchApp_Example Watch App-frameworks-${CONFIGURATION}-output-files.xcfilelist",
			);
			runOnlyForDeploymentPostprocessing = 0;
			shellPath = /bin/sh;
			shellScript = "\"${PODS_ROOT}/Target Support Files/Pods-MSWatchSessionWatchApp_Example Watch App/Pods-MSWatchSessionWatchApp_Example Watch App-frameworks.sh\"\n";
			showEnvVarsInLog = 0;
		};
		9758BC887B74F2301F8D108E /* [CP] Embed Pods Frameworks */ = {
			isa = PBXShellScriptBuildPhase;
			buildActionMask = 2147483647;
			files = (
			);
			inputFileListPaths = (
				"${PODS_ROOT}/Target Support Files/Pods-MSWatchSession_Example/Pods-MSWatchSession_Example-frameworks-${CONFIGURATION}-input-files.xcfilelist",
			);
			name = "[CP] Embed Pods Frameworks";
			outputFileListPaths = (
				"${PODS_ROOT}/Target Support Files/Pods-MSWatchSession_Example/Pods-MSWatchSession_Example-frameworks-${CONFIGURATION}-output-files.xcfilelist",
			);
			runOnlyForDeploymentPostprocessing = 0;
			shellPath = /bin/sh;
			shellScript = "\"${PODS_ROOT}/Target Support Files/Pods-MSWatchSession_Example/Pods-MSWatchSession_Example-frameworks.sh\"\n";
			showEnvVarsInLog = 0;
		};
		E495F7985DA443912EFB6A2A /* [CP] Check Pods Manifest.lock */ = {
			isa = PBXShellScriptBuildPhase;
			buildActionMask = 2147483647;
			files = (
			);
			inputFileListPaths = (
			);
			inputPaths = (
				"${PODS_PODFILE_DIR_PATH}/Podfile.lock",
				"${PODS_ROOT}/Manifest.lock",
			);
			name = "[CP] Check Pods Manifest.lock";
			outputFileListPaths = (
			);
			outputPaths = (
				"$(DERIVED_FILE_DIR)/Pods-MSWatchSessionWatchApp_Example Watch App-checkManifestLockResult.txt",
			);
			runOnlyForDeploymentPostprocessing = 0;
			shellPath = /bin/sh;
			shellScript = "diff \"${PODS_PODFILE_DIR_PATH}/Podfile.lock\" \"${PODS_ROOT}/Manifest.lock\" > /dev/null\nif [ $? != 0 ] ; then\n    # print error to STDERR\n    echo \"error: The sandbox is not in sync with the Podfile.lock. Run 'pod install' or update your CocoaPods installation.\" >&2\n    exit 1\nfi\n# This output is used by Xcode 'outputs' to avoid re-running this script phase.\necho \"SUCCESS\" > \"${SCRIPT_OUTPUT_FILE_0}\"\n";
			showEnvVarsInLog = 0;
		};
/* End PBXShellScriptBuildPhase section */

/* Begin PBXSourcesBuildPhase section */
		607FACCC1AFB9204008FA782 /* Sources */ = {
			isa = PBXSourcesBuildPhase;
			buildActionMask = 2147483647;
			files = (
				EEE7D47E2C661D9400157CA4 /* MSWatchSession+Command.swift in Sources */,
				607FACD81AFB9204008FA782 /* ViewController.swift in Sources */,
				EEE7D47F2C661D9400157CA4 /* NotificationExtension.swift in Sources */,
				EEE7D4842C6620FD00157CA4 /* ViewController+Extension.swift in Sources */,
				607FACD61AFB9204008FA782 /* AppDelegate.swift in Sources */,
			);
			runOnlyForDeploymentPostprocessing = 0;
		};
		607FACE11AFB9204008FA782 /* Sources */ = {
			isa = PBXSourcesBuildPhase;
			buildActionMask = 2147483647;
			files = (
				607FACEC1AFB9204008FA782 /* Tests.swift in Sources */,
			);
			runOnlyForDeploymentPostprocessing = 0;
		};
		EEE7D4852C66226600157CA4 /* Sources */ = {
			isa = PBXSourcesBuildPhase;
			buildActionMask = 2147483647;
			files = (
				EEE7D49C2C66228E00157CA4 /* MSWatchSession+Command.swift in Sources */,
				EEE7D49B2C66228A00157CA4 /* NotificationExtension.swift in Sources */,
				EEE7D48E2C66226600157CA4 /* ContentView.swift in Sources */,
				EEE7D4A02C6622A000157CA4 /* ToastModifier.swift in Sources */,
				EEE7D4A12C6622A000157CA4 /* ToastView.swift in Sources */,
				EEE7D48C2C66226600157CA4 /* MSWatchSessionWatchApp_ExampleApp.swift in Sources */,
			);
			runOnlyForDeploymentPostprocessing = 0;
		};
/* End PBXSourcesBuildPhase section */

/* Begin PBXTargetDependency section */
		607FACE71AFB9204008FA782 /* PBXTargetDependency */ = {
			isa = PBXTargetDependency;
			target = 607FACCF1AFB9204008FA782 /* MSWatchSession_Example */;
			targetProxy = 607FACE61AFB9204008FA782 /* PBXContainerItemProxy */;
		};
		EEE7D4952C66226700157CA4 /* PBXTargetDependency */ = {
			isa = PBXTargetDependency;
			target = EEE7D4882C66226600157CA4 /* MSWatchSessionWatchApp_Example Watch App */;
			targetProxy = EEE7D4942C66226700157CA4 /* PBXContainerItemProxy */;
		};
/* End PBXTargetDependency section */

/* Begin PBXVariantGroup section */
		607FACD91AFB9204008FA782 /* Main.storyboard */ = {
			isa = PBXVariantGroup;
			children = (
				607FACDA1AFB9204008FA782 /* Base */,
			);
			name = Main.storyboard;
			sourceTree = "<group>";
		};
/* End PBXVariantGroup section */

/* Begin XCBuildConfiguration section */
		607FACED1AFB9204008FA782 /* Debug */ = {
			isa = XCBuildConfiguration;
			buildSettings = {
				ALWAYS_SEARCH_USER_PATHS = NO;
				ASSETCATALOG_COMPILER_GENERATE_SWIFT_ASSET_SYMBOL_EXTENSIONS = YES;
				CLANG_CXX_LANGUAGE_STANDARD = "gnu++0x";
				CLANG_CXX_LIBRARY = "libc++";
				CLANG_ENABLE_MODULES = YES;
				CLANG_ENABLE_OBJC_ARC = YES;
				CLANG_WARN_BLOCK_CAPTURE_AUTORELEASING = YES;
				CLANG_WARN_BOOL_CONVERSION = YES;
				CLANG_WARN_COMMA = YES;
				CLANG_WARN_CONSTANT_CONVERSION = YES;
				CLANG_WARN_DEPRECATED_OBJC_IMPLEMENTATIONS = YES;
				CLANG_WARN_DIRECT_OBJC_ISA_USAGE = YES_ERROR;
				CLANG_WARN_EMPTY_BODY = YES;
				CLANG_WARN_ENUM_CONVERSION = YES;
				CLANG_WARN_INFINITE_RECURSION = YES;
				CLANG_WARN_INT_CONVERSION = YES;
				CLANG_WARN_NON_LITERAL_NULL_CONVERSION = YES;
				CLANG_WARN_OBJC_IMPLICIT_RETAIN_SELF = YES;
				CLANG_WARN_OBJC_LITERAL_CONVERSION = YES;
				CLANG_WARN_OBJC_ROOT_CLASS = YES_ERROR;
				CLANG_WARN_QUOTED_INCLUDE_IN_FRAMEWORK_HEADER = YES;
				CLANG_WARN_RANGE_LOOP_ANALYSIS = YES;
				CLANG_WARN_STRICT_PROTOTYPES = YES;
				CLANG_WARN_SUSPICIOUS_MOVE = YES;
				CLANG_WARN_UNREACHABLE_CODE = YES;
				CLANG_WARN__DUPLICATE_METHOD_MATCH = YES;
				"CODE_SIGN_IDENTITY[sdk=iphoneos*]" = "iPhone Developer";
				COPY_PHASE_STRIP = NO;
				DEBUG_INFORMATION_FORMAT = "dwarf-with-dsym";
				ENABLE_STRICT_OBJC_MSGSEND = YES;
				ENABLE_TESTABILITY = YES;
				GCC_C_LANGUAGE_STANDARD = gnu99;
				GCC_DYNAMIC_NO_PIC = NO;
				GCC_NO_COMMON_BLOCKS = YES;
				GCC_OPTIMIZATION_LEVEL = 0;
				GCC_PREPROCESSOR_DEFINITIONS = (
					"DEBUG=1",
					"$(inherited)",
				);
				GCC_SYMBOLS_PRIVATE_EXTERN = NO;
				GCC_WARN_64_TO_32_BIT_CONVERSION = YES;
				GCC_WARN_ABOUT_RETURN_TYPE = YES_ERROR;
				GCC_WARN_UNDECLARED_SELECTOR = YES;
				GCC_WARN_UNINITIALIZED_AUTOS = YES_AGGRESSIVE;
				GCC_WARN_UNUSED_FUNCTION = YES;
				GCC_WARN_UNUSED_VARIABLE = YES;
				IPHONEOS_DEPLOYMENT_TARGET = 13.0;
				MTL_ENABLE_DEBUG_INFO = YES;
				ONLY_ACTIVE_ARCH = YES;
				SDKROOT = iphoneos;
				SWIFT_OBJC_INTEROP_MODE = objc;
				SWIFT_OPTIMIZATION_LEVEL = "-Onone";
				SWIFT_VERSION = 5.0;
				WATCHOS_DEPLOYMENT_TARGET = 7.0;
			};
			name = Debug;
		};
		607FACEE1AFB9204008FA782 /* Release */ = {
			isa = XCBuildConfiguration;
			buildSettings = {
				ALWAYS_SEARCH_USER_PATHS = NO;
				ASSETCATALOG_COMPILER_GENERATE_SWIFT_ASSET_SYMBOL_EXTENSIONS = YES;
				CLANG_CXX_LANGUAGE_STANDARD = "gnu++0x";
				CLANG_CXX_LIBRARY = "libc++";
				CLANG_ENABLE_MODULES = YES;
				CLANG_ENABLE_OBJC_ARC = YES;
				CLANG_WARN_BLOCK_CAPTURE_AUTORELEASING = YES;
				CLANG_WARN_BOOL_CONVERSION = YES;
				CLANG_WARN_COMMA = YES;
				CLANG_WARN_CONSTANT_CONVERSION = YES;
				CLANG_WARN_DEPRECATED_OBJC_IMPLEMENTATIONS = YES;
				CLANG_WARN_DIRECT_OBJC_ISA_USAGE = YES_ERROR;
				CLANG_WARN_EMPTY_BODY = YES;
				CLANG_WARN_ENUM_CONVERSION = YES;
				CLANG_WARN_INFINITE_RECURSION = YES;
				CLANG_WARN_INT_CONVERSION = YES;
				CLANG_WARN_NON_LITERAL_NULL_CONVERSION = YES;
				CLANG_WARN_OBJC_IMPLICIT_RETAIN_SELF = YES;
				CLANG_WARN_OBJC_LITERAL_CONVERSION = YES;
				CLANG_WARN_OBJC_ROOT_CLASS = YES_ERROR;
				CLANG_WARN_QUOTED_INCLUDE_IN_FRAMEWORK_HEADER = YES;
				CLANG_WARN_RANGE_LOOP_ANALYSIS = YES;
				CLANG_WARN_STRICT_PROTOTYPES = YES;
				CLANG_WARN_SUSPICIOUS_MOVE = YES;
				CLANG_WARN_UNREACHABLE_CODE = YES;
				CLANG_WARN__DUPLICATE_METHOD_MATCH = YES;
				"CODE_SIGN_IDENTITY[sdk=iphoneos*]" = "iPhone Developer";
				COPY_PHASE_STRIP = NO;
				DEBUG_INFORMATION_FORMAT = "dwarf-with-dsym";
				ENABLE_NS_ASSERTIONS = NO;
				ENABLE_STRICT_OBJC_MSGSEND = YES;
				GCC_C_LANGUAGE_STANDARD = gnu99;
				GCC_NO_COMMON_BLOCKS = YES;
				GCC_WARN_64_TO_32_BIT_CONVERSION = YES;
				GCC_WARN_ABOUT_RETURN_TYPE = YES_ERROR;
				GCC_WARN_UNDECLARED_SELECTOR = YES;
				GCC_WARN_UNINITIALIZED_AUTOS = YES_AGGRESSIVE;
				GCC_WARN_UNUSED_FUNCTION = YES;
				GCC_WARN_UNUSED_VARIABLE = YES;
				IPHONEOS_DEPLOYMENT_TARGET = 13.0;
				MTL_ENABLE_DEBUG_INFO = NO;
				SDKROOT = iphoneos;
				SWIFT_COMPILATION_MODE = wholemodule;
				SWIFT_OBJC_INTEROP_MODE = objc;
				SWIFT_OPTIMIZATION_LEVEL = "-O";
				SWIFT_VERSION = 5.0;
				VALIDATE_PRODUCT = YES;
				WATCHOS_DEPLOYMENT_TARGET = 7.0;
			};
			name = Release;
		};
		607FACF01AFB9204008FA782 /* Debug */ = {
			isa = XCBuildConfiguration;
			baseConfigurationReference = A09662F3D32A934FECA1EDAF /* Pods-MSWatchSession_Example.debug.xcconfig */;
			buildSettings = {
				ASSETCATALOG_COMPILER_APPICON_NAME = AppIcon;
				INFOPLIST_FILE = MSWatchSession/Info.plist;
				IPHONEOS_DEPLOYMENT_TARGET = 13.0;
				LD_RUNPATH_SEARCH_PATHS = (
					"$(inherited)",
					"@executable_path/Frameworks",
				);
				MODULE_NAME = ExampleApp;
				PRODUCT_BUNDLE_IDENTIFIER = "org.cocoapods.demo.$(PRODUCT_NAME:rfc1034identifier)";
				PRODUCT_NAME = "$(TARGET_NAME)";
				SWIFT_SWIFT3_OBJC_INFERENCE = Default;
				SWIFT_VERSION = 5.0;
			};
			name = Debug;
		};
		607FACF11AFB9204008FA782 /* Release */ = {
			isa = XCBuildConfiguration;
			baseConfigurationReference = 942783BA2E31FF53738A8B19 /* Pods-MSWatchSession_Example.release.xcconfig */;
			buildSettings = {
				ASSETCATALOG_COMPILER_APPICON_NAME = AppIcon;
				INFOPLIST_FILE = MSWatchSession/Info.plist;
				IPHONEOS_DEPLOYMENT_TARGET = 13.0;
				LD_RUNPATH_SEARCH_PATHS = (
					"$(inherited)",
					"@executable_path/Frameworks",
				);
				MODULE_NAME = ExampleApp;
				PRODUCT_BUNDLE_IDENTIFIER = "org.cocoapods.demo.$(PRODUCT_NAME:rfc1034identifier)";
				PRODUCT_NAME = "$(TARGET_NAME)";
				SWIFT_SWIFT3_OBJC_INFERENCE = Default;
				SWIFT_VERSION = 5.0;
			};
			name = Release;
		};
		607FACF31AFB9204008FA782 /* Debug */ = {
			isa = XCBuildConfiguration;
			buildSettings = {
				FRAMEWORK_SEARCH_PATHS = (
					"$(PLATFORM_DIR)/Developer/Library/Frameworks",
					"$(inherited)",
				);
				GCC_PREPROCESSOR_DEFINITIONS = (
					"DEBUG=1",
					"$(inherited)",
				);
				INFOPLIST_FILE = Tests/Info.plist;
				LD_RUNPATH_SEARCH_PATHS = (
					"$(inherited)",
					"@executable_path/Frameworks",
					"@loader_path/Frameworks",
				);
				PRODUCT_BUNDLE_IDENTIFIER = "org.cocoapods.$(PRODUCT_NAME:rfc1034identifier)";
				PRODUCT_NAME = "$(TARGET_NAME)";
				SWIFT_SWIFT3_OBJC_INFERENCE = Default;
				SWIFT_VERSION = 5.0;
				TEST_HOST = "$(BUILT_PRODUCTS_DIR)/MSWatchSession_Example.app/MSWatchSession_Example";
			};
			name = Debug;
		};
		607FACF41AFB9204008FA782 /* Release */ = {
			isa = XCBuildConfiguration;
			buildSettings = {
				FRAMEWORK_SEARCH_PATHS = (
					"$(PLATFORM_DIR)/Developer/Library/Frameworks",
					"$(inherited)",
				);
				INFOPLIST_FILE = Tests/Info.plist;
				LD_RUNPATH_SEARCH_PATHS = (
					"$(inherited)",
					"@executable_path/Frameworks",
					"@loader_path/Frameworks",
				);
				PRODUCT_BUNDLE_IDENTIFIER = "org.cocoapods.$(PRODUCT_NAME:rfc1034identifier)";
				PRODUCT_NAME = "$(TARGET_NAME)";
				SWIFT_SWIFT3_OBJC_INFERENCE = Default;
				SWIFT_VERSION = 5.0;
				TEST_HOST = "$(BUILT_PRODUCTS_DIR)/MSWatchSession_Example.app/MSWatchSession_Example";
			};
			name = Release;
		};
		EEE7D4982C66226700157CA4 /* Debug */ = {
			isa = XCBuildConfiguration;
			baseConfigurationReference = 381636E79DFCC40E078AA26B /* Pods-MSWatchSessionWatchApp_Example Watch App.debug.xcconfig */;
			buildSettings = {
				ASSETCATALOG_COMPILER_APPICON_NAME = AppIcon;
				ASSETCATALOG_COMPILER_GENERATE_SWIFT_ASSET_SYMBOL_EXTENSIONS = YES;
				ASSETCATALOG_COMPILER_GLOBAL_ACCENT_COLOR_NAME = AccentColor;
				CLANG_ANALYZER_NONNULL = YES;
				CLANG_ANALYZER_NUMBER_OBJECT_CONVERSION = YES_AGGRESSIVE;
				CLANG_CXX_LANGUAGE_STANDARD = "gnu++20";
				CLANG_ENABLE_OBJC_WEAK = YES;
				CLANG_WARN_DEPRECATED_OBJC_IMPLEMENTATIONS = YES;
				CLANG_WARN_DOCUMENTATION_COMMENTS = YES;
				CLANG_WARN_OBJC_IMPLICIT_RETAIN_SELF = YES;
				CLANG_WARN_UNGUARDED_AVAILABILITY = YES_AGGRESSIVE;
				CODE_SIGN_STYLE = Automatic;
				CURRENT_PROJECT_VERSION = 1;
				DEBUG_INFORMATION_FORMAT = dwarf;
				DEVELOPMENT_ASSET_PATHS = "\"MSWatchSessionWatchApp_Example Watch App/Preview Content\"";
				ENABLE_PREVIEWS = YES;
				GCC_C_LANGUAGE_STANDARD = gnu17;
				GENERATE_INFOPLIST_FILE = YES;
				INFOPLIST_KEY_CFBundleDisplayName = MSWatchSessionWatchApp_Example;
				INFOPLIST_KEY_UISupportedInterfaceOrientations = "UIInterfaceOrientationPortrait UIInterfaceOrientationPortraitUpsideDown";
				INFOPLIST_KEY_WKCompanionAppBundleIdentifier = "org.cocoapods.demo.MSWatchSession-Example";
				LD_RUNPATH_SEARCH_PATHS = (
					"$(inherited)",
					"@executable_path/Frameworks",
				);
				LOCALIZATION_PREFERS_STRING_CATALOGS = YES;
				MARKETING_VERSION = 1.0;
				MTL_ENABLE_DEBUG_INFO = INCLUDE_SOURCE;
				MTL_FAST_MATH = YES;
				PRODUCT_BUNDLE_IDENTIFIER = "org.cocoapods.demo.MSWatchSession-Example.watchkitapp";
				PRODUCT_NAME = "$(TARGET_NAME)";
				SDKROOT = watchos;
				SKIP_INSTALL = YES;
				SWIFT_ACTIVE_COMPILATION_CONDITIONS = "DEBUG $(inherited)";
				SWIFT_EMIT_LOC_STRINGS = YES;
				SWIFT_VERSION = 5.0;
				TARGETED_DEVICE_FAMILY = 4;
				WATCHOS_DEPLOYMENT_TARGET = 9.0;
			};
			name = Debug;
		};
		EEE7D4992C66226700157CA4 /* Release */ = {
			isa = XCBuildConfiguration;
			baseConfigurationReference = B3A7DDE32F6161055480DC7A /* Pods-MSWatchSessionWatchApp_Example Watch App.release.xcconfig */;
			buildSettings = {
				ASSETCATALOG_COMPILER_APPICON_NAME = AppIcon;
				ASSETCATALOG_COMPILER_GENERATE_SWIFT_ASSET_SYMBOL_EXTENSIONS = YES;
				ASSETCATALOG_COMPILER_GLOBAL_ACCENT_COLOR_NAME = AccentColor;
				CLANG_ANALYZER_NONNULL = YES;
				CLANG_ANALYZER_NUMBER_OBJECT_CONVERSION = YES_AGGRESSIVE;
				CLANG_CXX_LANGUAGE_STANDARD = "gnu++20";
				CLANG_ENABLE_OBJC_WEAK = YES;
				CLANG_WARN_DEPRECATED_OBJC_IMPLEMENTATIONS = YES;
				CLANG_WARN_DOCUMENTATION_COMMENTS = YES;
				CLANG_WARN_OBJC_IMPLICIT_RETAIN_SELF = YES;
				CLANG_WARN_UNGUARDED_AVAILABILITY = YES_AGGRESSIVE;
				CODE_SIGN_STYLE = Automatic;
				CURRENT_PROJECT_VERSION = 1;
				DEVELOPMENT_ASSET_PATHS = "\"MSWatchSessionWatchApp_Example Watch App/Preview Content\"";
				ENABLE_PREVIEWS = YES;
				GCC_C_LANGUAGE_STANDARD = gnu17;
				GENERATE_INFOPLIST_FILE = YES;
				INFOPLIST_KEY_CFBundleDisplayName = MSWatchSessionWatchApp_Example;
				INFOPLIST_KEY_UISupportedInterfaceOrientations = "UIInterfaceOrientationPortrait UIInterfaceOrientationPortraitUpsideDown";
				INFOPLIST_KEY_WKCompanionAppBundleIdentifier = "org.cocoapods.demo.MSWatchSession-Example";
				LD_RUNPATH_SEARCH_PATHS = (
					"$(inherited)",
					"@executable_path/Frameworks",
				);
				LOCALIZATION_PREFERS_STRING_CATALOGS = YES;
				MARKETING_VERSION = 1.0;
				MTL_FAST_MATH = YES;
				PRODUCT_BUNDLE_IDENTIFIER = "org.cocoapods.demo.MSWatchSession-Example.watchkitapp";
				PRODUCT_NAME = "$(TARGET_NAME)";
				SDKROOT = watchos;
				SKIP_INSTALL = YES;
				SWIFT_EMIT_LOC_STRINGS = YES;
				SWIFT_VERSION = 5.0;
				TARGETED_DEVICE_FAMILY = 4;
				WATCHOS_DEPLOYMENT_TARGET = 9.0;
			};
			name = Release;
		};
/* End XCBuildConfiguration section */

/* Begin XCConfigurationList section */
		607FACCB1AFB9204008FA782 /* Build configuration list for PBXProject "MSWatchSession" */ = {
			isa = XCConfigurationList;
			buildConfigurations = (
				607FACED1AFB9204008FA782 /* Debug */,
				607FACEE1AFB9204008FA782 /* Release */,
			);
			defaultConfigurationIsVisible = 0;
			defaultConfigurationName = Debug;
		};
		607FACEF1AFB9204008FA782 /* Build configuration list for PBXNativeTarget "MSWatchSession_Example" */ = {
			isa = XCConfigurationList;
			buildConfigurations = (
				607FACF01AFB9204008FA782 /* Debug */,
				607FACF11AFB9204008FA782 /* Release */,
			);
			defaultConfigurationIsVisible = 0;
			defaultConfigurationName = Debug;
		};
		607FACF21AFB9204008FA782 /* Build configuration list for PBXNativeTarget "MSWatchSession_Tests" */ = {
			isa = XCConfigurationList;
			buildConfigurations = (
				607FACF31AFB9204008FA782 /* Debug */,
				607FACF41AFB9204008FA782 /* Release */,
			);
			defaultConfigurationIsVisible = 0;
			defaultConfigurationName = Debug;
		};
		EEE7D49A2C66226700157CA4 /* Build configuration list for PBXNativeTarget "MSWatchSessionWatchApp_Example Watch App" */ = {
			isa = XCConfigurationList;
			buildConfigurations = (
				EEE7D4982C66226700157CA4 /* Debug */,
				EEE7D4992C66226700157CA4 /* Release */,
			);
			defaultConfigurationIsVisible = 0;
			defaultConfigurationName = Debug;
		};
/* End XCConfigurationList section */
	};
	rootObject = 607FACC81AFB9204008FA782 /* Project object */;
}
